
Microsoft Visual Studio Solution File, Format Version 12.00
# Visual Studio Version 17
Project("{8BC9CEB8-8B4A-11D0-8D11-00A0C91BC942}") = "ALL_BUILD", "ALL_BUILD.vcxproj", "{AC3CD61A-EC1B-33A3-8C18-1211096620F0}"
	ProjectSection(ProjectDependencies) = postProject
		{2D820CF7-9EA1-3E11-91BE-D8C4F1B1697C} = {2D820CF7-9EA1-3E11-91BE-D8C4F1B1697C}
		{6BB8744E-470F-31AD-AD9A-1300B508A31F} = {6BB8744E-470F-31AD-AD9A-1300B508A31F}
		{3F15C3A6-036B-311E-9823-DF795AC82716} = {3F15C3A6-036B-311E-9823-DF795AC82716}
		{D3A2FA66-4873-3E8F-8EA9-E605887FFB29} = {D3A2FA66-4873-3E8F-8EA9-E605887FFB29}
		{19FB50BF-E792-363C-AD45-8668A2485A0C} = {19FB50BF-E792-363C-AD45-8668A2485A0C}
		{350A91CF-F8C1-31AB-BFA4-97EEEA3DB82A} = {350A91CF-F8C1-31AB-BFA4-97EEEA3DB82A}
		{6DC08FE9-F98D-30DA-9905-936FC450E0D8} = {6DC08FE9-F98D-30DA-9905-936FC450E0D8}
		{659D501A-0EA3-34B4-AEB0-E46E237B95BF} = {659D501A-0EA3-34B4-AEB0-E46E237B95BF}
		{7D5E87FB-770E-3ECA-9294-C41CD35B0FAF} = {7D5E87FB-770E-3ECA-9294-C41CD35B0FAF}
		{7B211BE2-BE53-38D8-A7B2-5043DA395AC3} = {7B211BE2-BE53-38D8-A7B2-5043DA395AC3}
	EndProjectSection
EndProject
Project("{8BC9CEB8-8B4A-11D0-8D11-00A0C91BC942}") = "ZERO_CHECK", "ZERO_CHECK.vcxproj", "{2D820CF7-9EA1-3E11-91BE-D8C4F1B1697C}"
	ProjectSection(ProjectDependencies) = postProject
	EndProjectSection
EndProject
Project("{8BC9CEB8-8B4A-11D0-8D11-00A0C91BC942}") = "strategy1_deque", "strategy1_deque.vcxproj", "{6BB8744E-470F-31AD-AD9A-1300B508A31F}"
	ProjectSection(ProjectDependencies) = postProject
		{2D820CF7-9EA1-3E11-91BE-D8C4F1B1697C} = {2D820CF7-9EA1-3E11-91BE-D8C4F1B1697C}
	EndProjectSection
EndProject
Project("{8BC9CEB8-8B4A-11D0-8D11-00A0C91BC942}") = "strategy1_list", "strategy1_list.vcxproj", "{3F15C3A6-036B-311E-9823-DF795AC82716}"
	ProjectSection(ProjectDependencies) = postProject
		{2D820CF7-9EA1-3E11-91BE-D8C4F1B1697C} = {2D820CF7-9EA1-3E11-91BE-D8C4F1B1697C}
	EndProjectSection
EndProject
Project("{8BC9CEB8-8B4A-11D0-8D11-00A0C91BC942}") = "strategy1_vector", "strategy1_vector.vcxproj", "{D3A2FA66-4873-3E8F-8EA9-E605887FFB29}"
	ProjectSection(ProjectDependencies) = postProject
		{2D820CF7-9EA1-3E11-91BE-D8C4F1B1697C} = {2D820CF7-9EA1-3E11-91BE-D8C4F1B1697C}
	EndProjectSection
EndProject
Project("{8BC9CEB8-8B4A-11D0-8D11-00A0C91BC942}") = "strategy2_deque", "strategy2_deque.vcxproj", "{19FB50BF-E792-363C-AD45-8668A2485A0C}"
	ProjectSection(ProjectDependencies) = postProject
		{2D820CF7-9EA1-3E11-91BE-D8C4F1B1697C} = {2D820CF7-9EA1-3E11-91BE-D8C4F1B1697C}
	EndProjectSection
EndProject
Project("{8BC9CEB8-8B4A-11D0-8D11-00A0C91BC942}") = "strategy2_list", "strategy2_list.vcxproj", "{350A91CF-F8C1-31AB-BFA4-97EEEA3DB82A}"
	ProjectSection(ProjectDependencies) = postProject
		{2D820CF7-9EA1-3E11-91BE-D8C4F1B1697C} = {2D820CF7-9EA1-3E11-91BE-D8C4F1B1697C}
	EndProjectSection
EndProject
Project("{8BC9CEB8-8B4A-11D0-8D11-00A0C91BC942}") = "strategy2_vector", "strategy2_vector.vcxproj", "{6DC08FE9-F98D-30DA-9905-936FC450E0D8}"
	ProjectSection(ProjectDependencies) = postProject
		{2D820CF7-9EA1-3E11-91BE-D8C4F1B1697C} = {2D820CF7-9EA1-3E11-91BE-D8C4F1B1697C}
	EndProjectSection
EndProject
Project("{8BC9CEB8-8B4A-11D0-8D11-00A0C91BC942}") = "strategy3_deque", "strategy3_deque.vcxproj", "{659D501A-0EA3-34B4-AEB0-E46E237B95BF}"
	ProjectSection(ProjectDependencies) = postProject
		{2D820CF7-9EA1-3E11-91BE-D8C4F1B1697C} = {2D820CF7-9EA1-3E11-91BE-D8C4F1B1697C}
	EndProjectSection
EndProject
Project("{8BC9CEB8-8B4A-11D0-8D11-00A0C91BC942}") = "strategy3_list", "strategy3_list.vcxproj", "{7D5E87FB-770E-3ECA-9294-C41CD35B0FAF}"
	ProjectSection(ProjectDependencies) = postProject
		{2D820CF7-9EA1-3E11-91BE-D8C4F1B1697C} = {2D820CF7-9EA1-3E11-91BE-D8C4F1B1697C}
	EndProjectSection
EndProject
Project("{8BC9CEB8-8B4A-11D0-8D11-00A0C91BC942}") = "strategy3_vector", "strategy3_vector.vcxproj", "{7B211BE2-BE53-38D8-A7B2-5043DA395AC3}"
	ProjectSection(ProjectDependencies) = postProject
		{2D820CF7-9EA1-3E11-91BE-D8C4F1B1697C} = {2D820CF7-9EA1-3E11-91BE-D8C4F1B1697C}
	EndProjectSection
EndProject
Global
	GlobalSection(SolutionConfigurationPlatforms) = preSolution
		Debug|x64 = Debug|x64
		Release|x64 = Release|x64
		MinSizeRel|x64 = MinSizeRel|x64
		RelWithDebInfo|x64 = RelWithDebInfo|x64
	EndGlobalSection
	GlobalSection(ProjectConfigurationPlatforms) = postSolution
		{AC3CD61A-EC1B-33A3-8C18-1211096620F0}.Debug|x64.ActiveCfg = Debug|x64
		{AC3CD61A-EC1B-33A3-8C18-1211096620F0}.Release|x64.ActiveCfg = Release|x64
		{AC3CD61A-EC1B-33A3-8C18-1211096620F0}.MinSizeRel|x64.ActiveCfg = MinSizeRel|x64
		{AC3CD61A-EC1B-33A3-8C18-1211096620F0}.RelWithDebInfo|x64.ActiveCfg = RelWithDebInfo|x64
		{2D820CF7-9EA1-3E11-91BE-D8C4F1B1697C}.Debug|x64.ActiveCfg = Debug|x64
		{2D820CF7-9EA1-3E11-91BE-D8C4F1B1697C}.Debug|x64.Build.0 = Debug|x64
		{2D820CF7-9EA1-3E11-91BE-D8C4F1B1697C}.Release|x64.ActiveCfg = Release|x64
		{2D820CF7-9EA1-3E11-91BE-D8C4F1B1697C}.Release|x64.Build.0 = Release|x64
		{2D820CF7-9EA1-3E11-91BE-D8C4F1B1697C}.MinSizeRel|x64.ActiveCfg = MinSizeRel|x64
		{2D820CF7-9EA1-3E11-91BE-D8C4F1B1697C}.MinSizeRel|x64.Build.0 = MinSizeRel|x64
		{2D820CF7-9EA1-3E11-91BE-D8C4F1B1697C}.RelWithDebInfo|x64.ActiveCfg = RelWithDebInfo|x64
		{2D820CF7-9EA1-3E11-91BE-D8C4F1B1697C}.RelWithDebInfo|x64.Build.0 = RelWithDebInfo|x64
		{6BB8744E-470F-31AD-AD9A-1300B508A31F}.Debug|x64.ActiveCfg = Debug|x64
		{6BB8744E-470F-31AD-AD9A-1300B508A31F}.Debug|x64.Build.0 = Debug|x64
		{6BB8744E-470F-31AD-AD9A-1300B508A31F}.Release|x64.ActiveCfg = Release|x64
		{6BB8744E-470F-31AD-AD9A-1300B508A31F}.Release|x64.Build.0 = Release|x64
		{6BB8744E-470F-31AD-AD9A-1300B508A31F}.MinSizeRel|x64.ActiveCfg = MinSizeRel|x64
		{6BB8744E-470F-31AD-AD9A-1300B508A31F}.MinSizeRel|x64.Build.0 = MinSizeRel|x64
		{6BB8744E-470F-31AD-AD9A-1300B508A31F}.RelWithDebInfo|x64.ActiveCfg = RelWithDebInfo|x64
		{6BB8744E-470F-31AD-AD9A-1300B508A31F}.RelWithDebInfo|x64.Build.0 = RelWithDebInfo|x64
		{3F15C3A6-036B-311E-9823-DF795AC82716}.Debug|x64.ActiveCfg = Debug|x64
		{3F15C3A6-036B-311E-9823-DF795AC82716}.Debug|x64.Build.0 = Debug|x64
		{3F15C3A6-036B-311E-9823-DF795AC82716}.Release|x64.ActiveCfg = Release|x64
		{3F15C3A6-036B-311E-9823-DF795AC82716}.Release|x64.Build.0 = Release|x64
		{3F15C3A6-036B-311E-9823-DF795AC82716}.MinSizeRel|x64.ActiveCfg = MinSizeRel|x64
		{3F15C3A6-036B-311E-9823-DF795AC82716}.MinSizeRel|x64.Build.0 = MinSizeRel|x64
		{3F15C3A6-036B-311E-9823-DF795AC82716}.RelWithDebInfo|x64.ActiveCfg = RelWithDebInfo|x64
		{3F15C3A6-036B-311E-9823-DF795AC82716}.RelWithDebInfo|x64.Build.0 = RelWithDebInfo|x64
		{D3A2FA66-4873-3E8F-8EA9-E605887FFB29}.Debug|x64.ActiveCfg = Debug|x64
		{D3A2FA66-4873-3E8F-8EA9-E605887FFB29}.Debug|x64.Build.0 = Debug|x64
		{D3A2FA66-4873-3E8F-8EA9-E605887FFB29}.Release|x64.ActiveCfg = Release|x64
		{D3A2FA66-4873-3E8F-8EA9-E605887FFB29}.Release|x64.Build.0 = Release|x64
		{D3A2FA66-4873-3E8F-8EA9-E605887FFB29}.MinSizeRel|x64.ActiveCfg = MinSizeRel|x64
		{D3A2FA66-4873-3E8F-8EA9-E605887FFB29}.MinSizeRel|x64.Build.0 = MinSizeRel|x64
		{D3A2FA66-4873-3E8F-8EA9-E605887FFB29}.RelWithDebInfo|x64.ActiveCfg = RelWithDebInfo|x64
		{D3A2FA66-4873-3E8F-8EA9-E605887FFB29}.RelWithDebInfo|x64.Build.0 = RelWithDebInfo|x64
		{19FB50BF-E792-363C-AD45-8668A2485A0C}.Debug|x64.ActiveCfg = Debug|x64
		{19FB50BF-E792-363C-AD45-8668A2485A0C}.Debug|x64.Build.0 = Debug|x64
		{19FB50BF-E792-363C-AD45-8668A2485A0C}.Release|x64.ActiveCfg = Release|x64
		{19FB50BF-E792-363C-AD45-8668A2485A0C}.Release|x64.Build.0 = Release|x64
		{19FB50BF-E792-363C-AD45-8668A2485A0C}.MinSizeRel|x64.ActiveCfg = MinSizeRel|x64
		{19FB50BF-E792-363C-AD45-8668A2485A0C}.MinSizeRel|x64.Build.0 = MinSizeRel|x64
		{19FB50BF-E792-363C-AD45-8668A2485A0C}.RelWithDebInfo|x64.ActiveCfg = RelWithDebInfo|x64
		{19FB50BF-E792-363C-AD45-8668A2485A0C}.RelWithDebInfo|x64.Build.0 = RelWithDebInfo|x64
		{350A91CF-F8C1-31AB-BFA4-97EEEA3DB82A}.Debug|x64.ActiveCfg = Debug|x64
		{350A91CF-F8C1-31AB-BFA4-97EEEA3DB82A}.Debug|x64.Build.0 = Debug|x64
		{350A91CF-F8C1-31AB-BFA4-97EEEA3DB82A}.Release|x64.ActiveCfg = Release|x64
		{350A91CF-F8C1-31AB-BFA4-97EEEA3DB82A}.Release|x64.Build.0 = Release|x64
		{350A91CF-F8C1-31AB-BFA4-97EEEA3DB82A}.MinSizeRel|x64.ActiveCfg = MinSizeRel|x64
		{350A91CF-F8C1-31AB-BFA4-97EEEA3DB82A}.MinSizeRel|x64.Build.0 = MinSizeRel|x64
		{350A91CF-F8C1-31AB-BFA4-97EEEA3DB82A}.RelWithDebInfo|x64.ActiveCfg = RelWithDebInfo|x64
		{350A91CF-F8C1-31AB-BFA4-97EEEA3DB82A}.RelWithDebInfo|x64.Build.0 = RelWithDebInfo|x64
		{6DC08FE9-F98D-30DA-9905-936FC450E0D8}.Debug|x64.ActiveCfg = Debug|x64
		{6DC08FE9-F98D-30DA-9905-936FC450E0D8}.Debug|x64.Build.0 = Debug|x64
		{6DC08FE9-F98D-30DA-9905-936FC450E0D8}.Release|x64.ActiveCfg = Release|x64
		{6DC08FE9-F98D-30DA-9905-936FC450E0D8}.Release|x64.Build.0 = Release|x64
		{6DC08FE9-F98D-30DA-9905-936FC450E0D8}.MinSizeRel|x64.ActiveCfg = MinSizeRel|x64
		{6DC08FE9-F98D-30DA-9905-936FC450E0D8}.MinSizeRel|x64.Build.0 = MinSizeRel|x64
		{6DC08FE9-F98D-30DA-9905-936FC450E0D8}.RelWithDebInfo|x64.ActiveCfg = RelWithDebInfo|x64
		{6DC08FE9-F98D-30DA-9905-936FC450E0D8}.RelWithDebInfo|x64.Build.0 = RelWithDebInfo|x64
		{659D501A-0EA3-34B4-AEB0-E46E237B95BF}.Debug|x64.ActiveCfg = Debug|x64
		{659D501A-0EA3-34B4-AEB0-E46E237B95BF}.Debug|x64.Build.0 = Debug|x64
		{659D501A-0EA3-34B4-AEB0-E46E237B95BF}.Release|x64.ActiveCfg = Release|x64
		{659D501A-0EA3-34B4-AEB0-E46E237B95BF}.Release|x64.Build.0 = Release|x64
		{659D501A-0EA3-34B4-AEB0-E46E237B95BF}.MinSizeRel|x64.ActiveCfg = MinSizeRel|x64
		{659D501A-0EA3-34B4-AEB0-E46E237B95BF}.MinSizeRel|x64.Build.0 = MinSizeRel|x64
		{659D501A-0EA3-34B4-AEB0-E46E237B95BF}.RelWithDebInfo|x64.ActiveCfg = RelWithDebInfo|x64
		{659D501A-0EA3-34B4-AEB0-E46E237B95BF}.RelWithDebInfo|x64.Build.0 = RelWithDebInfo|x64
		{7D5E87FB-770E-3ECA-9294-C41CD35B0FAF}.Debug|x64.ActiveCfg = Debug|x64
		{7D5E87FB-770E-3ECA-9294-C41CD35B0FAF}.Debug|x64.Build.0 = Debug|x64
		{7D5E87FB-770E-3ECA-9294-C41CD35B0FAF}.Release|x64.ActiveCfg = Release|x64
		{7D5E87FB-770E-3ECA-9294-C41CD35B0FAF}.Release|x64.Build.0 = Release|x64
		{7D5E87FB-770E-3ECA-9294-C41CD35B0FAF}.MinSizeRel|x64.ActiveCfg = MinSizeRel|x64
		{7D5E87FB-770E-3ECA-9294-C41CD35B0FAF}.MinSizeRel|x64.Build.0 = MinSizeRel|x64
		{7D5E87FB-770E-3ECA-9294-C41CD35B0FAF}.RelWithDebInfo|x64.ActiveCfg = RelWithDebInfo|x64
		{7D5E87FB-770E-3ECA-9294-C41CD35B0FAF}.RelWithDebInfo|x64.Build.0 = RelWithDebInfo|x64
		{7B211BE2-BE53-38D8-A7B2-5043DA395AC3}.Debug|x64.ActiveCfg = Debug|x64
		{7B211BE2-BE53-38D8-A7B2-5043DA395AC3}.Debug|x64.Build.0 = Debug|x64
		{7B211BE2-BE53-38D8-A7B2-5043DA395AC3}.Release|x64.ActiveCfg = Release|x64
		{7B211BE2-BE53-38D8-A7B2-5043DA395AC3}.Release|x64.Build.0 = Release|x64
		{7B211BE2-BE53-38D8-A7B2-5043DA395AC3}.MinSizeRel|x64.ActiveCfg = MinSizeRel|x64
		{7B211BE2-BE53-38D8-A7B2-5043DA395AC3}.MinSizeRel|x64.Build.0 = MinSizeRel|x64
		{7B211BE2-BE53-38D8-A7B2-5043DA395AC3}.RelWithDebInfo|x64.ActiveCfg = RelWithDebInfo|x64
		{7B211BE2-BE53-38D8-A7B2-5043DA395AC3}.RelWithDebInfo|x64.Build.0 = RelWithDebInfo|x64
	EndGlobalSection
	GlobalSection(ExtensibilityGlobals) = postSolution
		SolutionGuid = {385E2642-3360-34C7-97AC-00335A88D87F}
	EndGlobalSection
	GlobalSection(ExtensibilityAddIns) = postSolution
	EndGlobalSection
EndGlobal
