
Microsoft Visual Studio Solution File, Format Version 12.00
# Visual Studio Version 17
Project("{8BC9CEB8-8B4A-11D0-8D11-00A0C91BC942}") = "ALL_BUILD", "ALL_BUILD.vcxproj", "{3A711CEA-DA68-3D09-A81F-B0C4833667A5}"
	ProjectSection(ProjectDependencies) = postProject
		{23BAD58C-A68D-33F5-ABD8-59ABF15D5FCB} = {23BAD58C-A68D-33F5-ABD8-59ABF15D5FCB}
		{7A12A01B-19B6-31A5-BC75-5B6B2F31EFB1} = {7A12A01B-19B6-31A5-BC75-5B6B2F31EFB1}
		{9CA674F1-A819-3088-AA54-5F9F21E97F0A} = {9CA674F1-A819-3088-AA54-5F9F21E97F0A}
		{8FBE23D7-B9CE-307F-BDFC-60A829D716EE} = {8FBE23D7-B9CE-307F-BDFC-60A829D716EE}
		{18519FAD-089B-3553-8977-BE4FF2A3125A} = {18519FAD-089B-3553-8977-BE4FF2A3125A}
		{FBDBA40C-B9F7-39FE-8628-BC56CDDE0EF5} = {FBDBA40C-B9F7-39FE-8628-BC56CDDE0EF5}
		{6C80B8EA-A6C0-3818-B660-30E1BF752DD9} = {6C80B8EA-A6C0-3818-B660-30E1BF752DD9}
		{E37931AA-FBCC-3767-BB1C-F2E6C90F5486} = {E37931AA-FBCC-3767-BB1C-F2E6C90F5486}
		{A66A1300-440A-3C1C-83D4-2A5594BD44A9} = {A66A1300-440A-3C1C-83D4-2A5594BD44A9}
		{5C34A506-3F44-3AFD-A065-B4008361C5D7} = {5C34A506-3F44-3AFD-A065-B4008361C5D7}
	EndProjectSection
EndProject
Project("{8BC9CEB8-8B4A-11D0-8D11-00A0C91BC942}") = "ZERO_CHECK", "ZERO_CHECK.vcxproj", "{23BAD58C-A68D-33F5-ABD8-59ABF15D5FCB}"
	ProjectSection(ProjectDependencies) = postProject
	EndProjectSection
EndProject
Project("{8BC9CEB8-8B4A-11D0-8D11-00A0C91BC942}") = "strategy1_deque", "strategy1_deque.vcxproj", "{7A12A01B-19B6-31A5-BC75-5B6B2F31EFB1}"
	ProjectSection(ProjectDependencies) = postProject
		{23BAD58C-A68D-33F5-ABD8-59ABF15D5FCB} = {23BAD58C-A68D-33F5-ABD8-59ABF15D5FCB}
	EndProjectSection
EndProject
Project("{8BC9CEB8-8B4A-11D0-8D11-00A0C91BC942}") = "strategy1_list", "strategy1_list.vcxproj", "{9CA674F1-A819-3088-AA54-5F9F21E97F0A}"
	ProjectSection(ProjectDependencies) = postProject
		{23BAD58C-A68D-33F5-ABD8-59ABF15D5FCB} = {23BAD58C-A68D-33F5-ABD8-59ABF15D5FCB}
	EndProjectSection
EndProject
Project("{8BC9CEB8-8B4A-11D0-8D11-00A0C91BC942}") = "strategy1_vector", "strategy1_vector.vcxproj", "{8FBE23D7-B9CE-307F-BDFC-60A829D716EE}"
	ProjectSection(ProjectDependencies) = postProject
		{23BAD58C-A68D-33F5-ABD8-59ABF15D5FCB} = {23BAD58C-A68D-33F5-ABD8-59ABF15D5FCB}
	EndProjectSection
EndProject
Project("{8BC9CEB8-8B4A-11D0-8D11-00A0C91BC942}") = "strategy2_deque", "strategy2_deque.vcxproj", "{18519FAD-089B-3553-8977-BE4FF2A3125A}"
	ProjectSection(ProjectDependencies) = postProject
		{23BAD58C-A68D-33F5-ABD8-59ABF15D5FCB} = {23BAD58C-A68D-33F5-ABD8-59ABF15D5FCB}
	EndProjectSection
EndProject
Project("{8BC9CEB8-8B4A-11D0-8D11-00A0C91BC942}") = "strategy2_list", "strategy2_list.vcxproj", "{FBDBA40C-B9F7-39FE-8628-BC56CDDE0EF5}"
	ProjectSection(ProjectDependencies) = postProject
		{23BAD58C-A68D-33F5-ABD8-59ABF15D5FCB} = {23BAD58C-A68D-33F5-ABD8-59ABF15D5FCB}
	EndProjectSection
EndProject
Project("{8BC9CEB8-8B4A-11D0-8D11-00A0C91BC942}") = "strategy2_vector", "strategy2_vector.vcxproj", "{6C80B8EA-A6C0-3818-B660-30E1BF752DD9}"
	ProjectSection(ProjectDependencies) = postProject
		{23BAD58C-A68D-33F5-ABD8-59ABF15D5FCB} = {23BAD58C-A68D-33F5-ABD8-59ABF15D5FCB}
	EndProjectSection
EndProject
Project("{8BC9CEB8-8B4A-11D0-8D11-00A0C91BC942}") = "strategy3_deque", "strategy3_deque.vcxproj", "{E37931AA-FBCC-3767-BB1C-F2E6C90F5486}"
	ProjectSection(ProjectDependencies) = postProject
		{23BAD58C-A68D-33F5-ABD8-59ABF15D5FCB} = {23BAD58C-A68D-33F5-ABD8-59ABF15D5FCB}
	EndProjectSection
EndProject
Project("{8BC9CEB8-8B4A-11D0-8D11-00A0C91BC942}") = "strategy3_list", "strategy3_list.vcxproj", "{A66A1300-440A-3C1C-83D4-2A5594BD44A9}"
	ProjectSection(ProjectDependencies) = postProject
		{23BAD58C-A68D-33F5-ABD8-59ABF15D5FCB} = {23BAD58C-A68D-33F5-ABD8-59ABF15D5FCB}
	EndProjectSection
EndProject
Project("{8BC9CEB8-8B4A-11D0-8D11-00A0C91BC942}") = "strategy3_vector", "strategy3_vector.vcxproj", "{5C34A506-3F44-3AFD-A065-B4008361C5D7}"
	ProjectSection(ProjectDependencies) = postProject
		{23BAD58C-A68D-33F5-ABD8-59ABF15D5FCB} = {23BAD58C-A68D-33F5-ABD8-59ABF15D5FCB}
	EndProjectSection
EndProject
Global
	GlobalSection(SolutionConfigurationPlatforms) = preSolution
		Debug|x64 = Debug|x64
		Release|x64 = Release|x64
		MinSizeRel|x64 = MinSizeRel|x64
		RelWithDebInfo|x64 = RelWithDebInfo|x64
	EndGlobalSection
	GlobalSection(ProjectConfigurationPlatforms) = postSolution
		{3A711CEA-DA68-3D09-A81F-B0C4833667A5}.Debug|x64.ActiveCfg = Debug|x64
		{3A711CEA-DA68-3D09-A81F-B0C4833667A5}.Release|x64.ActiveCfg = Release|x64
		{3A711CEA-DA68-3D09-A81F-B0C4833667A5}.MinSizeRel|x64.ActiveCfg = MinSizeRel|x64
		{3A711CEA-DA68-3D09-A81F-B0C4833667A5}.RelWithDebInfo|x64.ActiveCfg = RelWithDebInfo|x64
		{23BAD58C-A68D-33F5-ABD8-59ABF15D5FCB}.Debug|x64.ActiveCfg = Debug|x64
		{23BAD58C-A68D-33F5-ABD8-59ABF15D5FCB}.Debug|x64.Build.0 = Debug|x64
		{23BAD58C-A68D-33F5-ABD8-59ABF15D5FCB}.Release|x64.ActiveCfg = Release|x64
		{23BAD58C-A68D-33F5-ABD8-59ABF15D5FCB}.Release|x64.Build.0 = Release|x64
		{23BAD58C-A68D-33F5-ABD8-59ABF15D5FCB}.MinSizeRel|x64.ActiveCfg = MinSizeRel|x64
		{23BAD58C-A68D-33F5-ABD8-59ABF15D5FCB}.MinSizeRel|x64.Build.0 = MinSizeRel|x64
		{23BAD58C-A68D-33F5-ABD8-59ABF15D5FCB}.RelWithDebInfo|x64.ActiveCfg = RelWithDebInfo|x64
		{23BAD58C-A68D-33F5-ABD8-59ABF15D5FCB}.RelWithDebInfo|x64.Build.0 = RelWithDebInfo|x64
		{7A12A01B-19B6-31A5-BC75-5B6B2F31EFB1}.Debug|x64.ActiveCfg = Debug|x64
		{7A12A01B-19B6-31A5-BC75-5B6B2F31EFB1}.Debug|x64.Build.0 = Debug|x64
		{7A12A01B-19B6-31A5-BC75-5B6B2F31EFB1}.Release|x64.ActiveCfg = Release|x64
		{7A12A01B-19B6-31A5-BC75-5B6B2F31EFB1}.Release|x64.Build.0 = Release|x64
		{7A12A01B-19B6-31A5-BC75-5B6B2F31EFB1}.MinSizeRel|x64.ActiveCfg = MinSizeRel|x64
		{7A12A01B-19B6-31A5-BC75-5B6B2F31EFB1}.MinSizeRel|x64.Build.0 = MinSizeRel|x64
		{7A12A01B-19B6-31A5-BC75-5B6B2F31EFB1}.RelWithDebInfo|x64.ActiveCfg = RelWithDebInfo|x64
		{7A12A01B-19B6-31A5-BC75-5B6B2F31EFB1}.RelWithDebInfo|x64.Build.0 = RelWithDebInfo|x64
		{9CA674F1-A819-3088-AA54-5F9F21E97F0A}.Debug|x64.ActiveCfg = Debug|x64
		{9CA674F1-A819-3088-AA54-5F9F21E97F0A}.Debug|x64.Build.0 = Debug|x64
		{9CA674F1-A819-3088-AA54-5F9F21E97F0A}.Release|x64.ActiveCfg = Release|x64
		{9CA674F1-A819-3088-AA54-5F9F21E97F0A}.Release|x64.Build.0 = Release|x64
		{9CA674F1-A819-3088-AA54-5F9F21E97F0A}.MinSizeRel|x64.ActiveCfg = MinSizeRel|x64
		{9CA674F1-A819-3088-AA54-5F9F21E97F0A}.MinSizeRel|x64.Build.0 = MinSizeRel|x64
		{9CA674F1-A819-3088-AA54-5F9F21E97F0A}.RelWithDebInfo|x64.ActiveCfg = RelWithDebInfo|x64
		{9CA674F1-A819-3088-AA54-5F9F21E97F0A}.RelWithDebInfo|x64.Build.0 = RelWithDebInfo|x64
		{8FBE23D7-B9CE-307F-BDFC-60A829D716EE}.Debug|x64.ActiveCfg = Debug|x64
		{8FBE23D7-B9CE-307F-BDFC-60A829D716EE}.Debug|x64.Build.0 = Debug|x64
		{8FBE23D7-B9CE-307F-BDFC-60A829D716EE}.Release|x64.ActiveCfg = Release|x64
		{8FBE23D7-B9CE-307F-BDFC-60A829D716EE}.Release|x64.Build.0 = Release|x64
		{8FBE23D7-B9CE-307F-BDFC-60A829D716EE}.MinSizeRel|x64.ActiveCfg = MinSizeRel|x64
		{8FBE23D7-B9CE-307F-BDFC-60A829D716EE}.MinSizeRel|x64.Build.0 = MinSizeRel|x64
		{8FBE23D7-B9CE-307F-BDFC-60A829D716EE}.RelWithDebInfo|x64.ActiveCfg = RelWithDebInfo|x64
		{8FBE23D7-B9CE-307F-BDFC-60A829D716EE}.RelWithDebInfo|x64.Build.0 = RelWithDebInfo|x64
		{18519FAD-089B-3553-8977-BE4FF2A3125A}.Debug|x64.ActiveCfg = Debug|x64
		{18519FAD-089B-3553-8977-BE4FF2A3125A}.Debug|x64.Build.0 = Debug|x64
		{18519FAD-089B-3553-8977-BE4FF2A3125A}.Release|x64.ActiveCfg = Release|x64
		{18519FAD-089B-3553-8977-BE4FF2A3125A}.Release|x64.Build.0 = Release|x64
		{18519FAD-089B-3553-8977-BE4FF2A3125A}.MinSizeRel|x64.ActiveCfg = MinSizeRel|x64
		{18519FAD-089B-3553-8977-BE4FF2A3125A}.MinSizeRel|x64.Build.0 = MinSizeRel|x64
		{18519FAD-089B-3553-8977-BE4FF2A3125A}.RelWithDebInfo|x64.ActiveCfg = RelWithDebInfo|x64
		{18519FAD-089B-3553-8977-BE4FF2A3125A}.RelWithDebInfo|x64.Build.0 = RelWithDebInfo|x64
		{FBDBA40C-B9F7-39FE-8628-BC56CDDE0EF5}.Debug|x64.ActiveCfg = Debug|x64
		{FBDBA40C-B9F7-39FE-8628-BC56CDDE0EF5}.Debug|x64.Build.0 = Debug|x64
		{FBDBA40C-B9F7-39FE-8628-BC56CDDE0EF5}.Release|x64.ActiveCfg = Release|x64
		{FBDBA40C-B9F7-39FE-8628-BC56CDDE0EF5}.Release|x64.Build.0 = Release|x64
		{FBDBA40C-B9F7-39FE-8628-BC56CDDE0EF5}.MinSizeRel|x64.ActiveCfg = MinSizeRel|x64
		{FBDBA40C-B9F7-39FE-8628-BC56CDDE0EF5}.MinSizeRel|x64.Build.0 = MinSizeRel|x64
		{FBDBA40C-B9F7-39FE-8628-BC56CDDE0EF5}.RelWithDebInfo|x64.ActiveCfg = RelWithDebInfo|x64
		{FBDBA40C-B9F7-39FE-8628-BC56CDDE0EF5}.RelWithDebInfo|x64.Build.0 = RelWithDebInfo|x64
		{6C80B8EA-A6C0-3818-B660-30E1BF752DD9}.Debug|x64.ActiveCfg = Debug|x64
		{6C80B8EA-A6C0-3818-B660-30E1BF752DD9}.Debug|x64.Build.0 = Debug|x64
		{6C80B8EA-A6C0-3818-B660-30E1BF752DD9}.Release|x64.ActiveCfg = Release|x64
		{6C80B8EA-A6C0-3818-B660-30E1BF752DD9}.Release|x64.Build.0 = Release|x64
		{6C80B8EA-A6C0-3818-B660-30E1BF752DD9}.MinSizeRel|x64.ActiveCfg = MinSizeRel|x64
		{6C80B8EA-A6C0-3818-B660-30E1BF752DD9}.MinSizeRel|x64.Build.0 = MinSizeRel|x64
		{6C80B8EA-A6C0-3818-B660-30E1BF752DD9}.RelWithDebInfo|x64.ActiveCfg = RelWithDebInfo|x64
		{6C80B8EA-A6C0-3818-B660-30E1BF752DD9}.RelWithDebInfo|x64.Build.0 = RelWithDebInfo|x64
		{E37931AA-FBCC-3767-BB1C-F2E6C90F5486}.Debug|x64.ActiveCfg = Debug|x64
		{E37931AA-FBCC-3767-BB1C-F2E6C90F5486}.Debug|x64.Build.0 = Debug|x64
		{E37931AA-FBCC-3767-BB1C-F2E6C90F5486}.Release|x64.ActiveCfg = Release|x64
		{E37931AA-FBCC-3767-BB1C-F2E6C90F5486}.Release|x64.Build.0 = Release|x64
		{E37931AA-FBCC-3767-BB1C-F2E6C90F5486}.MinSizeRel|x64.ActiveCfg = MinSizeRel|x64
		{E37931AA-FBCC-3767-BB1C-F2E6C90F5486}.MinSizeRel|x64.Build.0 = MinSizeRel|x64
		{E37931AA-FBCC-3767-BB1C-F2E6C90F5486}.RelWithDebInfo|x64.ActiveCfg = RelWithDebInfo|x64
		{E37931AA-FBCC-3767-BB1C-F2E6C90F5486}.RelWithDebInfo|x64.Build.0 = RelWithDebInfo|x64
		{A66A1300-440A-3C1C-83D4-2A5594BD44A9}.Debug|x64.ActiveCfg = Debug|x64
		{A66A1300-440A-3C1C-83D4-2A5594BD44A9}.Debug|x64.Build.0 = Debug|x64
		{A66A1300-440A-3C1C-83D4-2A5594BD44A9}.Release|x64.ActiveCfg = Release|x64
		{A66A1300-440A-3C1C-83D4-2A5594BD44A9}.Release|x64.Build.0 = Release|x64
		{A66A1300-440A-3C1C-83D4-2A5594BD44A9}.MinSizeRel|x64.ActiveCfg = MinSizeRel|x64
		{A66A1300-440A-3C1C-83D4-2A5594BD44A9}.MinSizeRel|x64.Build.0 = MinSizeRel|x64
		{A66A1300-440A-3C1C-83D4-2A5594BD44A9}.RelWithDebInfo|x64.ActiveCfg = RelWithDebInfo|x64
		{A66A1300-440A-3C1C-83D4-2A5594BD44A9}.RelWithDebInfo|x64.Build.0 = RelWithDebInfo|x64
		{5C34A506-3F44-3AFD-A065-B4008361C5D7}.Debug|x64.ActiveCfg = Debug|x64
		{5C34A506-3F44-3AFD-A065-B4008361C5D7}.Debug|x64.Build.0 = Debug|x64
		{5C34A506-3F44-3AFD-A065-B4008361C5D7}.Release|x64.ActiveCfg = Release|x64
		{5C34A506-3F44-3AFD-A065-B4008361C5D7}.Release|x64.Build.0 = Release|x64
		{5C34A506-3F44-3AFD-A065-B4008361C5D7}.MinSizeRel|x64.ActiveCfg = MinSizeRel|x64
		{5C34A506-3F44-3AFD-A065-B4008361C5D7}.MinSizeRel|x64.Build.0 = MinSizeRel|x64
		{5C34A506-3F44-3AFD-A065-B4008361C5D7}.RelWithDebInfo|x64.ActiveCfg = RelWithDebInfo|x64
		{5C34A506-3F44-3AFD-A065-B4008361C5D7}.RelWithDebInfo|x64.Build.0 = RelWithDebInfo|x64
	EndGlobalSection
	GlobalSection(ExtensibilityGlobals) = postSolution
		SolutionGuid = {5FBB2520-8755-3F06-AA7C-088750EEAA93}
	EndGlobalSection
	GlobalSection(ExtensibilityAddIns) = postSolution
	EndGlobalSection
EndGlobal
